
Microsoft Visual Studio Solution File, Format Version 12.00
# Visual Studio 15
Project("{FAE04EC0-301F-11D3-BF4B-00C04F79EFBC}") = "Assembly-CSharp", "Assembly-CSharp.csproj", "{C283272E-4BE4-4875-1C3E-22176605571F}"
EndProject
Project("{FAE04EC0-301F-11D3-BF4B-00C04F79EFBC}") = "Assembly-CSharp-Editor", "Assembly-CSharp-Editor.csproj", "{6B86F2BA-131B-EB50-E9DE-E064D00F59EC}"
EndProject
Global
	GlobalSection(SolutionConfigurationPlatforms) = preSolution
		Debug|Any CPU = Debug|Any CPU
		Release|Any CPU = Release|Any CPU
	EndGlobalSection
	GlobalSection(ProjectConfigurationPlatforms) = postSolution
		{C283272E-4BE4-4875-1C3E-22176605571F}.Debug|Any CPU.ActiveCfg = Debug|Any CPU
		{C283272E-4BE4-4875-1C3E-22176605571F}.Debug|Any CPU.Build.0 = Debug|Any CPU
		{C283272E-4BE4-4875-1C3E-22176605571F}.Release|Any CPU.ActiveCfg = Release|Any CPU
		{C283272E-4BE4-4875-1C3E-22176605571F}.Release|Any CPU.Build.0 = Release|Any CPU
		{6B86F2BA-131B-EB50-E9DE-E064D00F59EC}.Debug|Any CPU.ActiveCfg = Debug|Any CPU
		{6B86F2BA-131B-EB50-E9DE-E064D00F59EC}.Debug|Any CPU.Build.0 = Debug|Any CPU
		{6B86F2BA-131B-EB50-E9DE-E064D00F59EC}.Release|Any CPU.ActiveCfg = Release|Any CPU
		{6B86F2BA-131B-EB50-E9DE-E064D00F59EC}.Release|Any CPU.Build.0 = Release|Any CPU
	EndGlobalSection
	GlobalSection(SolutionProperties) = preSolution
		HideSolutionNode = FALSE
	EndGlobalSection
EndGlobal
